
Microsoft Visual Studio Solution File, Format Version 12.00
# Visual Studio Version 17
VisualStudioVersion = 17.6.33815.320
MinimumVisualStudioVersion = 10.0.40219.1
Project("{FAE04EC0-301F-11D3-BF4B-00C04F79EFBC}") = "SistemaFinch", "SistemaFinch.csproj", "{8BE835E3-9747-4408-9D42-32493B174788}"
EndProject
Global
	GlobalSection(SolutionConfigurationPlatforms) = preSolution
		Debug|Any CPU = Debug|Any CPU
		Release|Any CPU = Release|Any CPU
	EndGlobalSection
	GlobalSection(ProjectConfigurationPlatforms) = postSolution
		{8BE835E3-9747-4408-9D42-32493B174788}.Debug|Any CPU.ActiveCfg = Debug|Any CPU
		{8BE835E3-9747-4408-9D42-32493B174788}.Debug|Any CPU.Build.0 = Debug|Any CPU
		{8BE835E3-9747-4408-9D42-32493B174788}.Release|Any CPU.ActiveCfg = Release|Any CPU
		{8BE835E3-9747-4408-9D42-32493B174788}.Release|Any CPU.Build.0 = Release|Any CPU
	EndGlobalSection
	GlobalSection(SolutionProperties) = preSolution
		HideSolutionNode = FALSE
	EndGlobalSection
	GlobalSection(ExtensibilityGlobals) = postSolution
		SolutionGuid = {C6189DA5-9A47-4ED4-BDAB-0064EC9C1D51}
	EndGlobalSection
EndGlobal
